{
  "name": "example",
  "version": "1.0.0",
  "lockfileVersion": 1,
  "requires": true,
  "dependencies": {
    "openweather-app-api": {
      "version": "1.0.9",
      "resolved": "https://registry.npmjs.org/openweather-app-api/-/openweather-app-api-1.0.9.tgz",
      "integrity": "sha512-G/DZAP0r2wuuwiJ43CGBBG/F53BIgH1TSHPQAOM168Sox1+Cq2jACB7vqC+ee/MMzZgWX/NDKq00Q/u2UmbVDg=="
    }
  }
}
